
Microsoft Visual Studio Solution File, Format Version 12.00
# Visual Studio 15
VisualStudioVersion = 15.0.26228.9
MinimumVisualStudioVersion = 10.0.40219.1
Project("{FAE04EC0-301F-11D3-BF4B-00C04F79EFBC}") = "LibreOOPAlgoWeb", "LibreOOPAlgoWeb\LibreOOPAlgoWeb.csproj", "{CA4A67DA-88AB-47CF-A398-02280B711D4C}"
EndProject
Global
	GlobalSection(SolutionConfigurationPlatforms) = preSolution
		Debug|Any CPU = Debug|Any CPU
		DebugWithMocked|Any CPU = DebugWithMocked|Any CPU
		Release|Any CPU = Release|Any CPU
	EndGlobalSection
	GlobalSection(ProjectConfigurationPlatforms) = postSolution
		{CA4A67DA-88AB-47CF-A398-02280B711D4C}.Debug|Any CPU.ActiveCfg = Debug|Any CPU
		{CA4A67DA-88AB-47CF-A398-02280B711D4C}.Debug|Any CPU.Build.0 = Debug|Any CPU
		{CA4A67DA-88AB-47CF-A398-02280B711D4C}.DebugWithMocked|Any CPU.ActiveCfg = Release|Any CPU
		{CA4A67DA-88AB-47CF-A398-02280B711D4C}.DebugWithMocked|Any CPU.Build.0 = Release|Any CPU
		{CA4A67DA-88AB-47CF-A398-02280B711D4C}.Release|Any CPU.ActiveCfg = Release|Any CPU
		{CA4A67DA-88AB-47CF-A398-02280B711D4C}.Release|Any CPU.Build.0 = Release|Any CPU
	EndGlobalSection
	GlobalSection(SolutionProperties) = preSolution
		HideSolutionNode = FALSE
	EndGlobalSection
EndGlobal
